
Microsoft Visual Studio Solution File, Format Version 12.00
# Visual Studio 15
VisualStudioVersion = 15.0.27703.1
MinimumVisualStudioVersion = 10.0.40219.1
Project("{FAE04EC0-301F-11D3-BF4B-00C04F79EFBC}") = "MvvmCrossTest.Core.Droid", "MvvmCrossTest.Core\MvvmCrossTest.Core.Droid\MvvmCrossTest.Core.Droid.csproj", "{56BB9337-4288-44E2-A786-3BAAF420F1E2}"
EndProject
Project("{FAE04EC0-301F-11D3-BF4B-00C04F79EFBC}") = "MvvmCrossTest.Core.Core", "MvvmCrossTest.Core\MvvmCrossTest.Core.Core\MvvmCrossTest.Core.Core.csproj", "{B5C8AC5F-DB12-4AB5-BA6A-F2A469D173C6}"
EndProject
Project("{FAE04EC0-301F-11D3-BF4B-00C04F79EFBC}") = "MvvmCrossTest.Core.iOS", "MvvmCrossTest.Core\MvvmCrossTest.Core.iOS\MvvmCrossTest.Core.iOS.csproj", "{CBFD81D5-2C6D-4E49-A76F-75FE3C1A2F6E}"
EndProject
Project("{FAE04EC0-301F-11D3-BF4B-00C04F79EFBC}") = "MvvmCrossTest.Core.UWP", "MvvmCrossTest.Core\MvvmCrossTest.Core.UWP\MvvmCrossTest.Core.UWP.csproj", "{89FC72EE-C147-4BBF-A47B-C482FC4DDDAD}"
EndProject
Project("{FAE04EC0-301F-11D3-BF4B-00C04F79EFBC}") = "MvvmCrossTest.Core.WPF", "MvvmCrossTest.Core\MvvmCrossTest.Core.WPF\MvvmCrossTest.Core.WPF.csproj", "{CC7CA587-2025-4662-BDEB-9B34712D82E5}"
EndProject
Project("{8BC9CEB8-8B4A-11D0-8D11-00A0C91BC942}") = "MobileLib.Shared", "..\MobileLib\MobileLib\MobileLib.Shared\MobileLib.Shared.vcxitems", "{5A88500C-ED94-4A5D-9B82-0754AD2AD13E}"
EndProject
Project("{8BC9CEB8-8B4A-11D0-8D11-00A0C91BC942}") = "MobileLib.Android", "..\MobileLib\MobileLib\MobileLib.Android\MobileLib.Android.vcxproj", "{2B080193-356E-41E7-BED0-4E1497EDA012}"
EndProject
Project("{8BC9CEB8-8B4A-11D0-8D11-00A0C91BC942}") = "MobileLib.iOS", "..\MobileLib\MobileLib\MobileLib.iOS\MobileLib.iOS.vcxproj", "{BC00E983-A171-40E4-9ADA-9DB2F2C2694F}"
EndProject
Global
	GlobalSection(SharedMSBuildProjectFiles) = preSolution
		..\MobileLib\MobileLib\MobileLib.Shared\MobileLib.Shared.vcxitems*{2b080193-356e-41e7-bed0-4e1497eda012}*SharedItemsImports = 4
		..\MobileLib\MobileLib\MobileLib.Shared\MobileLib.Shared.vcxitems*{5a88500c-ed94-4a5d-9b82-0754ad2ad13e}*SharedItemsImports = 9
		..\MobileLib\MobileLib\MobileLib.Shared\MobileLib.Shared.vcxitems*{bc00e983-a171-40e4-9ada-9db2f2c2694f}*SharedItemsImports = 4
	EndGlobalSection
	GlobalSection(SolutionConfigurationPlatforms) = preSolution
		Ad-Hoc|Any CPU = Ad-Hoc|Any CPU
		Ad-Hoc|ARM = Ad-Hoc|ARM
		Ad-Hoc|ARM64 = Ad-Hoc|ARM64
		Ad-Hoc|iPhone = Ad-Hoc|iPhone
		Ad-Hoc|iPhoneSimulator = Ad-Hoc|iPhoneSimulator
		Ad-Hoc|x64 = Ad-Hoc|x64
		Ad-Hoc|x86 = Ad-Hoc|x86
		AppStore|Any CPU = AppStore|Any CPU
		AppStore|ARM = AppStore|ARM
		AppStore|ARM64 = AppStore|ARM64
		AppStore|iPhone = AppStore|iPhone
		AppStore|iPhoneSimulator = AppStore|iPhoneSimulator
		AppStore|x64 = AppStore|x64
		AppStore|x86 = AppStore|x86
		Debug|Any CPU = Debug|Any CPU
		Debug|ARM = Debug|ARM
		Debug|ARM64 = Debug|ARM64
		Debug|iPhone = Debug|iPhone
		Debug|iPhoneSimulator = Debug|iPhoneSimulator
		Debug|x64 = Debug|x64
		Debug|x86 = Debug|x86
		Release|Any CPU = Release|Any CPU
		Release|ARM = Release|ARM
		Release|ARM64 = Release|ARM64
		Release|iPhone = Release|iPhone
		Release|iPhoneSimulator = Release|iPhoneSimulator
		Release|x64 = Release|x64
		Release|x86 = Release|x86
	EndGlobalSection
	GlobalSection(ProjectConfigurationPlatforms) = postSolution
		{56BB9337-4288-44E2-A786-3BAAF420F1E2}.Ad-Hoc|Any CPU.ActiveCfg = Release|Any CPU
		{56BB9337-4288-44E2-A786-3BAAF420F1E2}.Ad-Hoc|Any CPU.Build.0 = Release|Any CPU
		{56BB9337-4288-44E2-A786-3BAAF420F1E2}.Ad-Hoc|Any CPU.Deploy.0 = Release|Any CPU
		{56BB9337-4288-44E2-A786-3BAAF420F1E2}.Ad-Hoc|ARM.ActiveCfg = Release|Any CPU
		{56BB9337-4288-44E2-A786-3BAAF420F1E2}.Ad-Hoc|ARM.Build.0 = Release|Any CPU
		{56BB9337-4288-44E2-A786-3BAAF420F1E2}.Ad-Hoc|ARM.Deploy.0 = Release|Any CPU
		{56BB9337-4288-44E2-A786-3BAAF420F1E2}.Ad-Hoc|ARM64.ActiveCfg = Debug|Any CPU
		{56BB9337-4288-44E2-A786-3BAAF420F1E2}.Ad-Hoc|ARM64.Build.0 = Debug|Any CPU
		{56BB9337-4288-44E2-A786-3BAAF420F1E2}.Ad-Hoc|ARM64.Deploy.0 = Debug|Any CPU
		{56BB9337-4288-44E2-A786-3BAAF420F1E2}.Ad-Hoc|iPhone.ActiveCfg = Release|Any CPU
		{56BB9337-4288-44E2-A786-3BAAF420F1E2}.Ad-Hoc|iPhone.Build.0 = Release|Any CPU
		{56BB9337-4288-44E2-A786-3BAAF420F1E2}.Ad-Hoc|iPhone.Deploy.0 = Release|Any CPU
		{56BB9337-4288-44E2-A786-3BAAF420F1E2}.Ad-Hoc|iPhoneSimulator.ActiveCfg = Release|Any CPU
		{56BB9337-4288-44E2-A786-3BAAF420F1E2}.Ad-Hoc|iPhoneSimulator.Build.0 = Release|Any CPU
		{56BB9337-4288-44E2-A786-3BAAF420F1E2}.Ad-Hoc|iPhoneSimulator.Deploy.0 = Release|Any CPU
		{56BB9337-4288-44E2-A786-3BAAF420F1E2}.Ad-Hoc|x64.ActiveCfg = Release|Any CPU
		{56BB9337-4288-44E2-A786-3BAAF420F1E2}.Ad-Hoc|x64.Build.0 = Release|Any CPU
		{56BB9337-4288-44E2-A786-3BAAF420F1E2}.Ad-Hoc|x64.Deploy.0 = Release|Any CPU
		{56BB9337-4288-44E2-A786-3BAAF420F1E2}.Ad-Hoc|x86.ActiveCfg = Release|Any CPU
		{56BB9337-4288-44E2-A786-3BAAF420F1E2}.Ad-Hoc|x86.Build.0 = Release|Any CPU
		{56BB9337-4288-44E2-A786-3BAAF420F1E2}.Ad-Hoc|x86.Deploy.0 = Release|Any CPU
		{56BB9337-4288-44E2-A786-3BAAF420F1E2}.AppStore|Any CPU.ActiveCfg = Release|Any CPU
		{56BB9337-4288-44E2-A786-3BAAF420F1E2}.AppStore|Any CPU.Build.0 = Release|Any CPU
		{56BB9337-4288-44E2-A786-3BAAF420F1E2}.AppStore|Any CPU.Deploy.0 = Release|Any CPU
		{56BB9337-4288-44E2-A786-3BAAF420F1E2}.AppStore|ARM.ActiveCfg = Release|Any CPU
		{56BB9337-4288-44E2-A786-3BAAF420F1E2}.AppStore|ARM.Build.0 = Release|Any CPU
		{56BB9337-4288-44E2-A786-3BAAF420F1E2}.AppStore|ARM.Deploy.0 = Release|Any CPU
		{56BB9337-4288-44E2-A786-3BAAF420F1E2}.AppStore|ARM64.ActiveCfg = Debug|Any CPU
		{56BB9337-4288-44E2-A786-3BAAF420F1E2}.AppStore|ARM64.Build.0 = Debug|Any CPU
		{56BB9337-4288-44E2-A786-3BAAF420F1E2}.AppStore|ARM64.Deploy.0 = Debug|Any CPU
		{56BB9337-4288-44E2-A786-3BAAF420F1E2}.AppStore|iPhone.ActiveCfg = Release|Any CPU
		{56BB9337-4288-44E2-A786-3BAAF420F1E2}.AppStore|iPhone.Build.0 = Release|Any CPU
		{56BB9337-4288-44E2-A786-3BAAF420F1E2}.AppStore|iPhone.Deploy.0 = Release|Any CPU
		{56BB9337-4288-44E2-A786-3BAAF420F1E2}.AppStore|iPhoneSimulator.ActiveCfg = Release|Any CPU
		{56BB9337-4288-44E2-A786-3BAAF420F1E2}.AppStore|iPhoneSimulator.Build.0 = Release|Any CPU
		{56BB9337-4288-44E2-A786-3BAAF420F1E2}.AppStore|iPhoneSimulator.Deploy.0 = Release|Any CPU
		{56BB9337-4288-44E2-A786-3BAAF420F1E2}.AppStore|x64.ActiveCfg = Release|Any CPU
		{56BB9337-4288-44E2-A786-3BAAF420F1E2}.AppStore|x64.Build.0 = Release|Any CPU
		{56BB9337-4288-44E2-A786-3BAAF420F1E2}.AppStore|x64.Deploy.0 = Release|Any CPU
		{56BB9337-4288-44E2-A786-3BAAF420F1E2}.AppStore|x86.ActiveCfg = Release|Any CPU
		{56BB9337-4288-44E2-A786-3BAAF420F1E2}.AppStore|x86.Build.0 = Release|Any CPU
		{56BB9337-4288-44E2-A786-3BAAF420F1E2}.AppStore|x86.Deploy.0 = Release|Any CPU
		{56BB9337-4288-44E2-A786-3BAAF420F1E2}.Debug|Any CPU.ActiveCfg = Debug|Any CPU
		{56BB9337-4288-44E2-A786-3BAAF420F1E2}.Debug|Any CPU.Build.0 = Debug|Any CPU
		{56BB9337-4288-44E2-A786-3BAAF420F1E2}.Debug|Any CPU.Deploy.0 = Debug|Any CPU
		{56BB9337-4288-44E2-A786-3BAAF420F1E2}.Debug|ARM.ActiveCfg = Debug|Any CPU
		{56BB9337-4288-44E2-A786-3BAAF420F1E2}.Debug|ARM.Build.0 = Debug|Any CPU
		{56BB9337-4288-44E2-A786-3BAAF420F1E2}.Debug|ARM.Deploy.0 = Debug|Any CPU
		{56BB9337-4288-44E2-A786-3BAAF420F1E2}.Debug|ARM64.ActiveCfg = Debug|Any CPU
		{56BB9337-4288-44E2-A786-3BAAF420F1E2}.Debug|ARM64.Build.0 = Debug|Any CPU
		{56BB9337-4288-44E2-A786-3BAAF420F1E2}.Debug|ARM64.Deploy.0 = Debug|Any CPU
		{56BB9337-4288-44E2-A786-3BAAF420F1E2}.Debug|iPhone.ActiveCfg = Debug|Any CPU
		{56BB9337-4288-44E2-A786-3BAAF420F1E2}.Debug|iPhone.Build.0 = Debug|Any CPU
		{56BB9337-4288-44E2-A786-3BAAF420F1E2}.Debug|iPhone.Deploy.0 = Debug|Any CPU
		{56BB9337-4288-44E2-A786-3BAAF420F1E2}.Debug|iPhoneSimulator.ActiveCfg = Debug|Any CPU
		{56BB9337-4288-44E2-A786-3BAAF420F1E2}.Debug|iPhoneSimulator.Build.0 = Debug|Any CPU
		{56BB9337-4288-44E2-A786-3BAAF420F1E2}.Debug|iPhoneSimulator.Deploy.0 = Debug|Any CPU
		{56BB9337-4288-44E2-A786-3BAAF420F1E2}.Debug|x64.ActiveCfg = Debug|Any CPU
		{56BB9337-4288-44E2-A786-3BAAF420F1E2}.Debug|x64.Build.0 = Debug|Any CPU
		{56BB9337-4288-44E2-A786-3BAAF420F1E2}.Debug|x64.Deploy.0 = Debug|Any CPU
		{56BB9337-4288-44E2-A786-3BAAF420F1E2}.Debug|x86.ActiveCfg = Debug|Any CPU
		{56BB9337-4288-44E2-A786-3BAAF420F1E2}.Debug|x86.Build.0 = Debug|Any CPU
		{56BB9337-4288-44E2-A786-3BAAF420F1E2}.Debug|x86.Deploy.0 = Debug|Any CPU
		{56BB9337-4288-44E2-A786-3BAAF420F1E2}.Release|Any CPU.ActiveCfg = Release|Any CPU
		{56BB9337-4288-44E2-A786-3BAAF420F1E2}.Release|Any CPU.Build.0 = Release|Any CPU
		{56BB9337-4288-44E2-A786-3BAAF420F1E2}.Release|Any CPU.Deploy.0 = Release|Any CPU
		{56BB9337-4288-44E2-A786-3BAAF420F1E2}.Release|ARM.ActiveCfg = Release|Any CPU
		{56BB9337-4288-44E2-A786-3BAAF420F1E2}.Release|ARM.Build.0 = Release|Any CPU
		{56BB9337-4288-44E2-A786-3BAAF420F1E2}.Release|ARM.Deploy.0 = Release|Any CPU
		{56BB9337-4288-44E2-A786-3BAAF420F1E2}.Release|ARM64.ActiveCfg = Release|Any CPU
		{56BB9337-4288-44E2-A786-3BAAF420F1E2}.Release|ARM64.Build.0 = Release|Any CPU
		{56BB9337-4288-44E2-A786-3BAAF420F1E2}.Release|ARM64.Deploy.0 = Release|Any CPU
		{56BB9337-4288-44E2-A786-3BAAF420F1E2}.Release|iPhone.ActiveCfg = Release|Any CPU
		{56BB9337-4288-44E2-A786-3BAAF420F1E2}.Release|iPhone.Build.0 = Release|Any CPU
		{56BB9337-4288-44E2-A786-3BAAF420F1E2}.Release|iPhone.Deploy.0 = Release|Any CPU
		{56BB9337-4288-44E2-A786-3BAAF420F1E2}.Release|iPhoneSimulator.ActiveCfg = Release|Any CPU
		{56BB9337-4288-44E2-A786-3BAAF420F1E2}.Release|iPhoneSimulator.Build.0 = Release|Any CPU
		{56BB9337-4288-44E2-A786-3BAAF420F1E2}.Release|iPhoneSimulator.Deploy.0 = Release|Any CPU
		{56BB9337-4288-44E2-A786-3BAAF420F1E2}.Release|x64.ActiveCfg = Release|Any CPU
		{56BB9337-4288-44E2-A786-3BAAF420F1E2}.Release|x64.Build.0 = Release|Any CPU
		{56BB9337-4288-44E2-A786-3BAAF420F1E2}.Release|x64.Deploy.0 = Release|Any CPU
		{56BB9337-4288-44E2-A786-3BAAF420F1E2}.Release|x86.ActiveCfg = Release|Any CPU
		{56BB9337-4288-44E2-A786-3BAAF420F1E2}.Release|x86.Build.0 = Release|Any CPU
		{56BB9337-4288-44E2-A786-3BAAF420F1E2}.Release|x86.Deploy.0 = Release|Any CPU
		{B5C8AC5F-DB12-4AB5-BA6A-F2A469D173C6}.Ad-Hoc|Any CPU.ActiveCfg = Release|Any CPU
		{B5C8AC5F-DB12-4AB5-BA6A-F2A469D173C6}.Ad-Hoc|Any CPU.Build.0 = Release|Any CPU
		{B5C8AC5F-DB12-4AB5-BA6A-F2A469D173C6}.Ad-Hoc|ARM.ActiveCfg = Release|Any CPU
		{B5C8AC5F-DB12-4AB5-BA6A-F2A469D173C6}.Ad-Hoc|ARM.Build.0 = Release|Any CPU
		{B5C8AC5F-DB12-4AB5-BA6A-F2A469D173C6}.Ad-Hoc|ARM64.ActiveCfg = Debug|Any CPU
		{B5C8AC5F-DB12-4AB5-BA6A-F2A469D173C6}.Ad-Hoc|ARM64.Build.0 = Debug|Any CPU
		{B5C8AC5F-DB12-4AB5-BA6A-F2A469D173C6}.Ad-Hoc|iPhone.ActiveCfg = Release|Any CPU
		{B5C8AC5F-DB12-4AB5-BA6A-F2A469D173C6}.Ad-Hoc|iPhone.Build.0 = Release|Any CPU
		{B5C8AC5F-DB12-4AB5-BA6A-F2A469D173C6}.Ad-Hoc|iPhoneSimulator.ActiveCfg = Release|Any CPU
		{B5C8AC5F-DB12-4AB5-BA6A-F2A469D173C6}.Ad-Hoc|iPhoneSimulator.Build.0 = Release|Any CPU
		{B5C8AC5F-DB12-4AB5-BA6A-F2A469D173C6}.Ad-Hoc|x64.ActiveCfg = Release|Any CPU
		{B5C8AC5F-DB12-4AB5-BA6A-F2A469D173C6}.Ad-Hoc|x64.Build.0 = Release|Any CPU
		{B5C8AC5F-DB12-4AB5-BA6A-F2A469D173C6}.Ad-Hoc|x86.ActiveCfg = Release|Any CPU
		{B5C8AC5F-DB12-4AB5-BA6A-F2A469D173C6}.Ad-Hoc|x86.Build.0 = Release|Any CPU
		{B5C8AC5F-DB12-4AB5-BA6A-F2A469D173C6}.AppStore|Any CPU.ActiveCfg = Release|Any CPU
		{B5C8AC5F-DB12-4AB5-BA6A-F2A469D173C6}.AppStore|Any CPU.Build.0 = Release|Any CPU
		{B5C8AC5F-DB12-4AB5-BA6A-F2A469D173C6}.AppStore|ARM.ActiveCfg = Release|Any CPU
		{B5C8AC5F-DB12-4AB5-BA6A-F2A469D173C6}.AppStore|ARM.Build.0 = Release|Any CPU
		{B5C8AC5F-DB12-4AB5-BA6A-F2A469D173C6}.AppStore|ARM64.ActiveCfg = Debug|Any CPU
		{B5C8AC5F-DB12-4AB5-BA6A-F2A469D173C6}.AppStore|ARM64.Build.0 = Debug|Any CPU
		{B5C8AC5F-DB12-4AB5-BA6A-F2A469D173C6}.AppStore|iPhone.ActiveCfg = Release|Any CPU
		{B5C8AC5F-DB12-4AB5-BA6A-F2A469D173C6}.AppStore|iPhone.Build.0 = Release|Any CPU
		{B5C8AC5F-DB12-4AB5-BA6A-F2A469D173C6}.AppStore|iPhoneSimulator.ActiveCfg = Release|Any CPU
		{B5C8AC5F-DB12-4AB5-BA6A-F2A469D173C6}.AppStore|iPhoneSimulator.Build.0 = Release|Any CPU
		{B5C8AC5F-DB12-4AB5-BA6A-F2A469D173C6}.AppStore|x64.ActiveCfg = Release|Any CPU
		{B5C8AC5F-DB12-4AB5-BA6A-F2A469D173C6}.AppStore|x64.Build.0 = Release|Any CPU
		{B5C8AC5F-DB12-4AB5-BA6A-F2A469D173C6}.AppStore|x86.ActiveCfg = Release|Any CPU
		{B5C8AC5F-DB12-4AB5-BA6A-F2A469D173C6}.AppStore|x86.Build.0 = Release|Any CPU
		{B5C8AC5F-DB12-4AB5-BA6A-F2A469D173C6}.Debug|Any CPU.ActiveCfg = Debug|Any CPU
		{B5C8AC5F-DB12-4AB5-BA6A-F2A469D173C6}.Debug|Any CPU.Build.0 = Debug|Any CPU
		{B5C8AC5F-DB12-4AB5-BA6A-F2A469D173C6}.Debug|ARM.ActiveCfg = Debug|Any CPU
		{B5C8AC5F-DB12-4AB5-BA6A-F2A469D173C6}.Debug|ARM.Build.0 = Debug|Any CPU
		{B5C8AC5F-DB12-4AB5-BA6A-F2A469D173C6}.Debug|ARM64.ActiveCfg = Debug|Any CPU
		{B5C8AC5F-DB12-4AB5-BA6A-F2A469D173C6}.Debug|ARM64.Build.0 = Debug|Any CPU
		{B5C8AC5F-DB12-4AB5-BA6A-F2A469D173C6}.Debug|iPhone.ActiveCfg = Debug|Any CPU
		{B5C8AC5F-DB12-4AB5-BA6A-F2A469D173C6}.Debug|iPhone.Build.0 = Debug|Any CPU
		{B5C8AC5F-DB12-4AB5-BA6A-F2A469D173C6}.Debug|iPhoneSimulator.ActiveCfg = Debug|Any CPU
		{B5C8AC5F-DB12-4AB5-BA6A-F2A469D173C6}.Debug|iPhoneSimulator.Build.0 = Debug|Any CPU
		{B5C8AC5F-DB12-4AB5-BA6A-F2A469D173C6}.Debug|x64.ActiveCfg = Debug|Any CPU
		{B5C8AC5F-DB12-4AB5-BA6A-F2A469D173C6}.Debug|x64.Build.0 = Debug|Any CPU
		{B5C8AC5F-DB12-4AB5-BA6A-F2A469D173C6}.Debug|x86.ActiveCfg = Debug|Any CPU
		{B5C8AC5F-DB12-4AB5-BA6A-F2A469D173C6}.Debug|x86.Build.0 = Debug|Any CPU
		{B5C8AC5F-DB12-4AB5-BA6A-F2A469D173C6}.Release|Any CPU.ActiveCfg = Release|Any CPU
		{B5C8AC5F-DB12-4AB5-BA6A-F2A469D173C6}.Release|Any CPU.Build.0 = Release|Any CPU
		{B5C8AC5F-DB12-4AB5-BA6A-F2A469D173C6}.Release|ARM.ActiveCfg = Release|Any CPU
		{B5C8AC5F-DB12-4AB5-BA6A-F2A469D173C6}.Release|ARM.Build.0 = Release|Any CPU
		{B5C8AC5F-DB12-4AB5-BA6A-F2A469D173C6}.Release|ARM64.ActiveCfg = Release|Any CPU
		{B5C8AC5F-DB12-4AB5-BA6A-F2A469D173C6}.Release|ARM64.Build.0 = Release|Any CPU
		{B5C8AC5F-DB12-4AB5-BA6A-F2A469D173C6}.Release|iPhone.ActiveCfg = Release|Any CPU
		{B5C8AC5F-DB12-4AB5-BA6A-F2A469D173C6}.Release|iPhone.Build.0 = Release|Any CPU
		{B5C8AC5F-DB12-4AB5-BA6A-F2A469D173C6}.Release|iPhoneSimulator.ActiveCfg = Release|Any CPU
		{B5C8AC5F-DB12-4AB5-BA6A-F2A469D173C6}.Release|iPhoneSimulator.Build.0 = Release|Any CPU
		{B5C8AC5F-DB12-4AB5-BA6A-F2A469D173C6}.Release|x64.ActiveCfg = Release|Any CPU
		{B5C8AC5F-DB12-4AB5-BA6A-F2A469D173C6}.Release|x64.Build.0 = Release|Any CPU
		{B5C8AC5F-DB12-4AB5-BA6A-F2A469D173C6}.Release|x86.ActiveCfg = Release|Any CPU
		{B5C8AC5F-DB12-4AB5-BA6A-F2A469D173C6}.Release|x86.Build.0 = Release|Any CPU
		{CBFD81D5-2C6D-4E49-A76F-75FE3C1A2F6E}.Ad-Hoc|Any CPU.ActiveCfg = Ad-Hoc|iPhone
		{CBFD81D5-2C6D-4E49-A76F-75FE3C1A2F6E}.Ad-Hoc|ARM.ActiveCfg = Ad-Hoc|iPhone
		{CBFD81D5-2C6D-4E49-A76F-75FE3C1A2F6E}.Ad-Hoc|ARM64.ActiveCfg = Ad-Hoc|iPhoneSimulator
		{CBFD81D5-2C6D-4E49-A76F-75FE3C1A2F6E}.Ad-Hoc|iPhone.ActiveCfg = Ad-Hoc|iPhone
		{CBFD81D5-2C6D-4E49-A76F-75FE3C1A2F6E}.Ad-Hoc|iPhone.Build.0 = Ad-Hoc|iPhone
		{CBFD81D5-2C6D-4E49-A76F-75FE3C1A2F6E}.Ad-Hoc|iPhoneSimulator.ActiveCfg = Ad-Hoc|iPhoneSimulator
		{CBFD81D5-2C6D-4E49-A76F-75FE3C1A2F6E}.Ad-Hoc|iPhoneSimulator.Build.0 = Ad-Hoc|iPhoneSimulator
		{CBFD81D5-2C6D-4E49-A76F-75FE3C1A2F6E}.Ad-Hoc|x64.ActiveCfg = Ad-Hoc|iPhone
		{CBFD81D5-2C6D-4E49-A76F-75FE3C1A2F6E}.Ad-Hoc|x86.ActiveCfg = Ad-Hoc|iPhone
		{CBFD81D5-2C6D-4E49-A76F-75FE3C1A2F6E}.AppStore|Any CPU.ActiveCfg = AppStore|iPhone
		{CBFD81D5-2C6D-4E49-A76F-75FE3C1A2F6E}.AppStore|ARM.ActiveCfg = AppStore|iPhone
		{CBFD81D5-2C6D-4E49-A76F-75FE3C1A2F6E}.AppStore|ARM64.ActiveCfg = AppStore|iPhoneSimulator
		{CBFD81D5-2C6D-4E49-A76F-75FE3C1A2F6E}.AppStore|iPhone.ActiveCfg = AppStore|iPhone
		{CBFD81D5-2C6D-4E49-A76F-75FE3C1A2F6E}.AppStore|iPhone.Build.0 = AppStore|iPhone
		{CBFD81D5-2C6D-4E49-A76F-75FE3C1A2F6E}.AppStore|iPhoneSimulator.ActiveCfg = AppStore|iPhoneSimulator
		{CBFD81D5-2C6D-4E49-A76F-75FE3C1A2F6E}.AppStore|iPhoneSimulator.Build.0 = AppStore|iPhoneSimulator
		{CBFD81D5-2C6D-4E49-A76F-75FE3C1A2F6E}.AppStore|x64.ActiveCfg = AppStore|iPhone
		{CBFD81D5-2C6D-4E49-A76F-75FE3C1A2F6E}.AppStore|x86.ActiveCfg = AppStore|iPhone
		{CBFD81D5-2C6D-4E49-A76F-75FE3C1A2F6E}.Debug|Any CPU.ActiveCfg = Debug|iPhone
		{CBFD81D5-2C6D-4E49-A76F-75FE3C1A2F6E}.Debug|ARM.ActiveCfg = Debug|iPhone
		{CBFD81D5-2C6D-4E49-A76F-75FE3C1A2F6E}.Debug|ARM64.ActiveCfg = Debug|iPhoneSimulator
		{CBFD81D5-2C6D-4E49-A76F-75FE3C1A2F6E}.Debug|iPhone.ActiveCfg = Debug|iPhone
		{CBFD81D5-2C6D-4E49-A76F-75FE3C1A2F6E}.Debug|iPhone.Build.0 = Debug|iPhone
		{CBFD81D5-2C6D-4E49-A76F-75FE3C1A2F6E}.Debug|iPhoneSimulator.ActiveCfg = Debug|iPhoneSimulator
		{CBFD81D5-2C6D-4E49-A76F-75FE3C1A2F6E}.Debug|iPhoneSimulator.Build.0 = Debug|iPhoneSimulator
		{CBFD81D5-2C6D-4E49-A76F-75FE3C1A2F6E}.Debug|x64.ActiveCfg = Debug|iPhone
		{CBFD81D5-2C6D-4E49-A76F-75FE3C1A2F6E}.Debug|x86.ActiveCfg = Debug|iPhone
		{CBFD81D5-2C6D-4E49-A76F-75FE3C1A2F6E}.Release|Any CPU.ActiveCfg = Release|iPhone
		{CBFD81D5-2C6D-4E49-A76F-75FE3C1A2F6E}.Release|ARM.ActiveCfg = Release|iPhone
		{CBFD81D5-2C6D-4E49-A76F-75FE3C1A2F6E}.Release|ARM64.ActiveCfg = Release|iPhoneSimulator
		{CBFD81D5-2C6D-4E49-A76F-75FE3C1A2F6E}.Release|iPhone.ActiveCfg = Release|iPhone
		{CBFD81D5-2C6D-4E49-A76F-75FE3C1A2F6E}.Release|iPhone.Build.0 = Release|iPhone
		{CBFD81D5-2C6D-4E49-A76F-75FE3C1A2F6E}.Release|iPhoneSimulator.ActiveCfg = Release|iPhoneSimulator
		{CBFD81D5-2C6D-4E49-A76F-75FE3C1A2F6E}.Release|iPhoneSimulator.Build.0 = Release|iPhoneSimulator
		{CBFD81D5-2C6D-4E49-A76F-75FE3C1A2F6E}.Release|x64.ActiveCfg = Release|iPhone
		{CBFD81D5-2C6D-4E49-A76F-75FE3C1A2F6E}.Release|x86.ActiveCfg = Release|iPhone
		{89FC72EE-C147-4BBF-A47B-C482FC4DDDAD}.Ad-Hoc|Any CPU.ActiveCfg = Release|x64
		{89FC72EE-C147-4BBF-A47B-C482FC4DDDAD}.Ad-Hoc|Any CPU.Build.0 = Release|x64
		{89FC72EE-C147-4BBF-A47B-C482FC4DDDAD}.Ad-Hoc|Any CPU.Deploy.0 = Release|x64
		{89FC72EE-C147-4BBF-A47B-C482FC4DDDAD}.Ad-Hoc|ARM.ActiveCfg = Release|ARM
		{89FC72EE-C147-4BBF-A47B-C482FC4DDDAD}.Ad-Hoc|ARM.Build.0 = Release|ARM
		{89FC72EE-C147-4BBF-A47B-C482FC4DDDAD}.Ad-Hoc|ARM.Deploy.0 = Release|ARM
		{89FC72EE-C147-4BBF-A47B-C482FC4DDDAD}.Ad-Hoc|ARM64.ActiveCfg = Debug|x64
		{89FC72EE-C147-4BBF-A47B-C482FC4DDDAD}.Ad-Hoc|iPhone.ActiveCfg = Release|x64
		{89FC72EE-C147-4BBF-A47B-C482FC4DDDAD}.Ad-Hoc|iPhone.Build.0 = Release|x64
		{89FC72EE-C147-4BBF-A47B-C482FC4DDDAD}.Ad-Hoc|iPhone.Deploy.0 = Release|x64
		{89FC72EE-C147-4BBF-A47B-C482FC4DDDAD}.Ad-Hoc|iPhoneSimulator.ActiveCfg = Release|x64
		{89FC72EE-C147-4BBF-A47B-C482FC4DDDAD}.Ad-Hoc|iPhoneSimulator.Build.0 = Release|x64
		{89FC72EE-C147-4BBF-A47B-C482FC4DDDAD}.Ad-Hoc|iPhoneSimulator.Deploy.0 = Release|x64
		{89FC72EE-C147-4BBF-A47B-C482FC4DDDAD}.Ad-Hoc|x64.ActiveCfg = Release|x64
		{89FC72EE-C147-4BBF-A47B-C482FC4DDDAD}.Ad-Hoc|x64.Build.0 = Release|x64
		{89FC72EE-C147-4BBF-A47B-C482FC4DDDAD}.Ad-Hoc|x64.Deploy.0 = Release|x64
		{89FC72EE-C147-4BBF-A47B-C482FC4DDDAD}.Ad-Hoc|x86.ActiveCfg = Release|x86
		{89FC72EE-C147-4BBF-A47B-C482FC4DDDAD}.Ad-Hoc|x86.Build.0 = Release|x86
		{89FC72EE-C147-4BBF-A47B-C482FC4DDDAD}.Ad-Hoc|x86.Deploy.0 = Release|x86
		{89FC72EE-C147-4BBF-A47B-C482FC4DDDAD}.AppStore|Any CPU.ActiveCfg = Release|x64
		{89FC72EE-C147-4BBF-A47B-C482FC4DDDAD}.AppStore|Any CPU.Build.0 = Release|x64
		{89FC72EE-C147-4BBF-A47B-C482FC4DDDAD}.AppStore|Any CPU.Deploy.0 = Release|x64
		{89FC72EE-C147-4BBF-A47B-C482FC4DDDAD}.AppStore|ARM.ActiveCfg = Release|ARM
		{89FC72EE-C147-4BBF-A47B-C482FC4DDDAD}.AppStore|ARM.Build.0 = Release|ARM
		{89FC72EE-C147-4BBF-A47B-C482FC4DDDAD}.AppStore|ARM.Deploy.0 = Release|ARM
		{89FC72EE-C147-4BBF-A47B-C482FC4DDDAD}.AppStore|ARM64.ActiveCfg = Debug|x64
		{89FC72EE-C147-4BBF-A47B-C482FC4DDDAD}.AppStore|iPhone.ActiveCfg = Release|x64
		{89FC72EE-C147-4BBF-A47B-C482FC4DDDAD}.AppStore|iPhone.Build.0 = Release|x64
		{89FC72EE-C147-4BBF-A47B-C482FC4DDDAD}.AppStore|iPhone.Deploy.0 = Release|x64
		{89FC72EE-C147-4BBF-A47B-C482FC4DDDAD}.AppStore|iPhoneSimulator.ActiveCfg = Release|x64
		{89FC72EE-C147-4BBF-A47B-C482FC4DDDAD}.AppStore|iPhoneSimulator.Build.0 = Release|x64
		{89FC72EE-C147-4BBF-A47B-C482FC4DDDAD}.AppStore|iPhoneSimulator.Deploy.0 = Release|x64
		{89FC72EE-C147-4BBF-A47B-C482FC4DDDAD}.AppStore|x64.ActiveCfg = Release|x64
		{89FC72EE-C147-4BBF-A47B-C482FC4DDDAD}.AppStore|x64.Build.0 = Release|x64
		{89FC72EE-C147-4BBF-A47B-C482FC4DDDAD}.AppStore|x64.Deploy.0 = Release|x64
		{89FC72EE-C147-4BBF-A47B-C482FC4DDDAD}.AppStore|x86.ActiveCfg = Release|x86
		{89FC72EE-C147-4BBF-A47B-C482FC4DDDAD}.AppStore|x86.Build.0 = Release|x86
		{89FC72EE-C147-4BBF-A47B-C482FC4DDDAD}.AppStore|x86.Deploy.0 = Release|x86
		{89FC72EE-C147-4BBF-A47B-C482FC4DDDAD}.Debug|Any CPU.ActiveCfg = Debug|x86
		{89FC72EE-C147-4BBF-A47B-C482FC4DDDAD}.Debug|ARM.ActiveCfg = Debug|ARM
		{89FC72EE-C147-4BBF-A47B-C482FC4DDDAD}.Debug|ARM.Build.0 = Debug|ARM
		{89FC72EE-C147-4BBF-A47B-C482FC4DDDAD}.Debug|ARM.Deploy.0 = Debug|ARM
		{89FC72EE-C147-4BBF-A47B-C482FC4DDDAD}.Debug|ARM64.ActiveCfg = Debug|x86
		{89FC72EE-C147-4BBF-A47B-C482FC4DDDAD}.Debug|iPhone.ActiveCfg = Debug|x86
		{89FC72EE-C147-4BBF-A47B-C482FC4DDDAD}.Debug|iPhoneSimulator.ActiveCfg = Debug|x86
		{89FC72EE-C147-4BBF-A47B-C482FC4DDDAD}.Debug|x64.ActiveCfg = Debug|x64
		{89FC72EE-C147-4BBF-A47B-C482FC4DDDAD}.Debug|x64.Build.0 = Debug|x64
		{89FC72EE-C147-4BBF-A47B-C482FC4DDDAD}.Debug|x64.Deploy.0 = Debug|x64
		{89FC72EE-C147-4BBF-A47B-C482FC4DDDAD}.Debug|x86.ActiveCfg = Debug|x86
		{89FC72EE-C147-4BBF-A47B-C482FC4DDDAD}.Debug|x86.Build.0 = Debug|x86
		{89FC72EE-C147-4BBF-A47B-C482FC4DDDAD}.Debug|x86.Deploy.0 = Debug|x86
		{89FC72EE-C147-4BBF-A47B-C482FC4DDDAD}.Release|Any CPU.ActiveCfg = Release|x86
		{89FC72EE-C147-4BBF-A47B-C482FC4DDDAD}.Release|ARM.ActiveCfg = Release|ARM
		{89FC72EE-C147-4BBF-A47B-C482FC4DDDAD}.Release|ARM.Build.0 = Release|ARM
		{89FC72EE-C147-4BBF-A47B-C482FC4DDDAD}.Release|ARM.Deploy.0 = Release|ARM
		{89FC72EE-C147-4BBF-A47B-C482FC4DDDAD}.Release|ARM64.ActiveCfg = Release|x86
		{89FC72EE-C147-4BBF-A47B-C482FC4DDDAD}.Release|iPhone.ActiveCfg = Release|x86
		{89FC72EE-C147-4BBF-A47B-C482FC4DDDAD}.Release|iPhoneSimulator.ActiveCfg = Release|x86
		{89FC72EE-C147-4BBF-A47B-C482FC4DDDAD}.Release|x64.ActiveCfg = Release|x64
		{89FC72EE-C147-4BBF-A47B-C482FC4DDDAD}.Release|x64.Build.0 = Release|x64
		{89FC72EE-C147-4BBF-A47B-C482FC4DDDAD}.Release|x64.Deploy.0 = Release|x64
		{89FC72EE-C147-4BBF-A47B-C482FC4DDDAD}.Release|x86.ActiveCfg = Release|x86
		{89FC72EE-C147-4BBF-A47B-C482FC4DDDAD}.Release|x86.Build.0 = Release|x86
		{89FC72EE-C147-4BBF-A47B-C482FC4DDDAD}.Release|x86.Deploy.0 = Release|x86
		{CC7CA587-2025-4662-BDEB-9B34712D82E5}.Ad-Hoc|Any CPU.ActiveCfg = Release|Any CPU
		{CC7CA587-2025-4662-BDEB-9B34712D82E5}.Ad-Hoc|Any CPU.Build.0 = Release|Any CPU
		{CC7CA587-2025-4662-BDEB-9B34712D82E5}.Ad-Hoc|ARM.ActiveCfg = Release|Any CPU
		{CC7CA587-2025-4662-BDEB-9B34712D82E5}.Ad-Hoc|ARM.Build.0 = Release|Any CPU
		{CC7CA587-2025-4662-BDEB-9B34712D82E5}.Ad-Hoc|ARM64.ActiveCfg = Debug|Any CPU
		{CC7CA587-2025-4662-BDEB-9B34712D82E5}.Ad-Hoc|iPhone.ActiveCfg = Release|Any CPU
		{CC7CA587-2025-4662-BDEB-9B34712D82E5}.Ad-Hoc|iPhone.Build.0 = Release|Any CPU
		{CC7CA587-2025-4662-BDEB-9B34712D82E5}.Ad-Hoc|iPhoneSimulator.ActiveCfg = Release|Any CPU
		{CC7CA587-2025-4662-BDEB-9B34712D82E5}.Ad-Hoc|iPhoneSimulator.Build.0 = Release|Any CPU
		{CC7CA587-2025-4662-BDEB-9B34712D82E5}.Ad-Hoc|x64.ActiveCfg = Release|Any CPU
		{CC7CA587-2025-4662-BDEB-9B34712D82E5}.Ad-Hoc|x64.Build.0 = Release|Any CPU
		{CC7CA587-2025-4662-BDEB-9B34712D82E5}.Ad-Hoc|x86.ActiveCfg = Release|Any CPU
		{CC7CA587-2025-4662-BDEB-9B34712D82E5}.Ad-Hoc|x86.Build.0 = Release|Any CPU
		{CC7CA587-2025-4662-BDEB-9B34712D82E5}.AppStore|Any CPU.ActiveCfg = Release|Any CPU
		{CC7CA587-2025-4662-BDEB-9B34712D82E5}.AppStore|Any CPU.Build.0 = Release|Any CPU
		{CC7CA587-2025-4662-BDEB-9B34712D82E5}.AppStore|ARM.ActiveCfg = Release|Any CPU
		{CC7CA587-2025-4662-BDEB-9B34712D82E5}.AppStore|ARM.Build.0 = Release|Any CPU
		{CC7CA587-2025-4662-BDEB-9B34712D82E5}.AppStore|ARM64.ActiveCfg = Debug|Any CPU
		{CC7CA587-2025-4662-BDEB-9B34712D82E5}.AppStore|iPhone.ActiveCfg = Release|Any CPU
		{CC7CA587-2025-4662-BDEB-9B34712D82E5}.AppStore|iPhone.Build.0 = Release|Any CPU
		{CC7CA587-2025-4662-BDEB-9B34712D82E5}.AppStore|iPhoneSimulator.ActiveCfg = Release|Any CPU
		{CC7CA587-2025-4662-BDEB-9B34712D82E5}.AppStore|iPhoneSimulator.Build.0 = Release|Any CPU
		{CC7CA587-2025-4662-BDEB-9B34712D82E5}.AppStore|x64.ActiveCfg = Release|Any CPU
		{CC7CA587-2025-4662-BDEB-9B34712D82E5}.AppStore|x64.Build.0 = Release|Any CPU
		{CC7CA587-2025-4662-BDEB-9B34712D82E5}.AppStore|x86.ActiveCfg = Release|Any CPU
		{CC7CA587-2025-4662-BDEB-9B34712D82E5}.AppStore|x86.Build.0 = Release|Any CPU
		{CC7CA587-2025-4662-BDEB-9B34712D82E5}.Debug|Any CPU.ActiveCfg = Debug|Any CPU
		{CC7CA587-2025-4662-BDEB-9B34712D82E5}.Debug|Any CPU.Build.0 = Debug|Any CPU
		{CC7CA587-2025-4662-BDEB-9B34712D82E5}.Debug|ARM.ActiveCfg = Debug|Any CPU
		{CC7CA587-2025-4662-BDEB-9B34712D82E5}.Debug|ARM.Build.0 = Debug|Any CPU
		{CC7CA587-2025-4662-BDEB-9B34712D82E5}.Debug|ARM64.ActiveCfg = Debug|Any CPU
		{CC7CA587-2025-4662-BDEB-9B34712D82E5}.Debug|iPhone.ActiveCfg = Debug|Any CPU
		{CC7CA587-2025-4662-BDEB-9B34712D82E5}.Debug|iPhone.Build.0 = Debug|Any CPU
		{CC7CA587-2025-4662-BDEB-9B34712D82E5}.Debug|iPhoneSimulator.ActiveCfg = Debug|Any CPU
		{CC7CA587-2025-4662-BDEB-9B34712D82E5}.Debug|iPhoneSimulator.Build.0 = Debug|Any CPU
		{CC7CA587-2025-4662-BDEB-9B34712D82E5}.Debug|x64.ActiveCfg = Debug|Any CPU
		{CC7CA587-2025-4662-BDEB-9B34712D82E5}.Debug|x64.Build.0 = Debug|Any CPU
		{CC7CA587-2025-4662-BDEB-9B34712D82E5}.Debug|x86.ActiveCfg = Debug|Any CPU
		{CC7CA587-2025-4662-BDEB-9B34712D82E5}.Debug|x86.Build.0 = Debug|Any CPU
		{CC7CA587-2025-4662-BDEB-9B34712D82E5}.Release|Any CPU.ActiveCfg = Release|Any CPU
		{CC7CA587-2025-4662-BDEB-9B34712D82E5}.Release|Any CPU.Build.0 = Release|Any CPU
		{CC7CA587-2025-4662-BDEB-9B34712D82E5}.Release|ARM.ActiveCfg = Release|Any CPU
		{CC7CA587-2025-4662-BDEB-9B34712D82E5}.Release|ARM.Build.0 = Release|Any CPU
		{CC7CA587-2025-4662-BDEB-9B34712D82E5}.Release|ARM64.ActiveCfg = Release|Any CPU
		{CC7CA587-2025-4662-BDEB-9B34712D82E5}.Release|iPhone.ActiveCfg = Release|Any CPU
		{CC7CA587-2025-4662-BDEB-9B34712D82E5}.Release|iPhone.Build.0 = Release|Any CPU
		{CC7CA587-2025-4662-BDEB-9B34712D82E5}.Release|iPhoneSimulator.ActiveCfg = Release|Any CPU
		{CC7CA587-2025-4662-BDEB-9B34712D82E5}.Release|iPhoneSimulator.Build.0 = Release|Any CPU
		{CC7CA587-2025-4662-BDEB-9B34712D82E5}.Release|x64.ActiveCfg = Release|Any CPU
		{CC7CA587-2025-4662-BDEB-9B34712D82E5}.Release|x64.Build.0 = Release|Any CPU
		{CC7CA587-2025-4662-BDEB-9B34712D82E5}.Release|x86.ActiveCfg = Release|Any CPU
		{CC7CA587-2025-4662-BDEB-9B34712D82E5}.Release|x86.Build.0 = Release|Any CPU
		{2B080193-356E-41E7-BED0-4E1497EDA012}.Ad-Hoc|Any CPU.ActiveCfg = Release|x86
		{2B080193-356E-41E7-BED0-4E1497EDA012}.Ad-Hoc|Any CPU.Build.0 = Release|x86
		{2B080193-356E-41E7-BED0-4E1497EDA012}.Ad-Hoc|ARM.ActiveCfg = Release|ARM
		{2B080193-356E-41E7-BED0-4E1497EDA012}.Ad-Hoc|ARM.Build.0 = Release|ARM
		{2B080193-356E-41E7-BED0-4E1497EDA012}.Ad-Hoc|ARM64.ActiveCfg = Release|ARM64
		{2B080193-356E-41E7-BED0-4E1497EDA012}.Ad-Hoc|ARM64.Build.0 = Release|ARM64
		{2B080193-356E-41E7-BED0-4E1497EDA012}.Ad-Hoc|iPhone.ActiveCfg = Release|x86
		{2B080193-356E-41E7-BED0-4E1497EDA012}.Ad-Hoc|iPhone.Build.0 = Release|x86
		{2B080193-356E-41E7-BED0-4E1497EDA012}.Ad-Hoc|iPhoneSimulator.ActiveCfg = Release|x86
		{2B080193-356E-41E7-BED0-4E1497EDA012}.Ad-Hoc|iPhoneSimulator.Build.0 = Release|x86
		{2B080193-356E-41E7-BED0-4E1497EDA012}.Ad-Hoc|x64.ActiveCfg = Release|x64
		{2B080193-356E-41E7-BED0-4E1497EDA012}.Ad-Hoc|x64.Build.0 = Release|x64
		{2B080193-356E-41E7-BED0-4E1497EDA012}.Ad-Hoc|x86.ActiveCfg = Release|x86
		{2B080193-356E-41E7-BED0-4E1497EDA012}.Ad-Hoc|x86.Build.0 = Release|x86
		{2B080193-356E-41E7-BED0-4E1497EDA012}.AppStore|Any CPU.ActiveCfg = Release|x86
		{2B080193-356E-41E7-BED0-4E1497EDA012}.AppStore|Any CPU.Build.0 = Release|x86
		{2B080193-356E-41E7-BED0-4E1497EDA012}.AppStore|ARM.ActiveCfg = Release|ARM
		{2B080193-356E-41E7-BED0-4E1497EDA012}.AppStore|ARM.Build.0 = Release|ARM
		{2B080193-356E-41E7-BED0-4E1497EDA012}.AppStore|ARM64.ActiveCfg = Release|ARM64
		{2B080193-356E-41E7-BED0-4E1497EDA012}.AppStore|ARM64.Build.0 = Release|ARM64
		{2B080193-356E-41E7-BED0-4E1497EDA012}.AppStore|iPhone.ActiveCfg = Release|x86
		{2B080193-356E-41E7-BED0-4E1497EDA012}.AppStore|iPhone.Build.0 = Release|x86
		{2B080193-356E-41E7-BED0-4E1497EDA012}.AppStore|iPhoneSimulator.ActiveCfg = Release|x86
		{2B080193-356E-41E7-BED0-4E1497EDA012}.AppStore|iPhoneSimulator.Build.0 = Release|x86
		{2B080193-356E-41E7-BED0-4E1497EDA012}.AppStore|x64.ActiveCfg = Release|x64
		{2B080193-356E-41E7-BED0-4E1497EDA012}.AppStore|x64.Build.0 = Release|x64
		{2B080193-356E-41E7-BED0-4E1497EDA012}.AppStore|x86.ActiveCfg = Release|x86
		{2B080193-356E-41E7-BED0-4E1497EDA012}.AppStore|x86.Build.0 = Release|x86
		{2B080193-356E-41E7-BED0-4E1497EDA012}.Debug|Any CPU.ActiveCfg = Debug|x86
		{2B080193-356E-41E7-BED0-4E1497EDA012}.Debug|ARM.ActiveCfg = Debug|ARM
		{2B080193-356E-41E7-BED0-4E1497EDA012}.Debug|ARM.Build.0 = Debug|ARM
		{2B080193-356E-41E7-BED0-4E1497EDA012}.Debug|ARM64.ActiveCfg = Debug|ARM64
		{2B080193-356E-41E7-BED0-4E1497EDA012}.Debug|ARM64.Build.0 = Debug|ARM64
		{2B080193-356E-41E7-BED0-4E1497EDA012}.Debug|iPhone.ActiveCfg = Debug|x86
		{2B080193-356E-41E7-BED0-4E1497EDA012}.Debug|iPhoneSimulator.ActiveCfg = Debug|x86
		{2B080193-356E-41E7-BED0-4E1497EDA012}.Debug|x64.ActiveCfg = Debug|x64
		{2B080193-356E-41E7-BED0-4E1497EDA012}.Debug|x64.Build.0 = Debug|x64
		{2B080193-356E-41E7-BED0-4E1497EDA012}.Debug|x86.ActiveCfg = Debug|x86
		{2B080193-356E-41E7-BED0-4E1497EDA012}.Debug|x86.Build.0 = Debug|x86
		{2B080193-356E-41E7-BED0-4E1497EDA012}.Release|Any CPU.ActiveCfg = Release|x86
		{2B080193-356E-41E7-BED0-4E1497EDA012}.Release|ARM.ActiveCfg = Release|ARM
		{2B080193-356E-41E7-BED0-4E1497EDA012}.Release|ARM.Build.0 = Release|ARM
		{2B080193-356E-41E7-BED0-4E1497EDA012}.Release|ARM64.ActiveCfg = Release|ARM64
		{2B080193-356E-41E7-BED0-4E1497EDA012}.Release|ARM64.Build.0 = Release|ARM64
		{2B080193-356E-41E7-BED0-4E1497EDA012}.Release|iPhone.ActiveCfg = Release|x86
		{2B080193-356E-41E7-BED0-4E1497EDA012}.Release|iPhoneSimulator.ActiveCfg = Release|x86
		{2B080193-356E-41E7-BED0-4E1497EDA012}.Release|x64.ActiveCfg = Release|x64
		{2B080193-356E-41E7-BED0-4E1497EDA012}.Release|x64.Build.0 = Release|x64
		{2B080193-356E-41E7-BED0-4E1497EDA012}.Release|x86.ActiveCfg = Release|x86
		{2B080193-356E-41E7-BED0-4E1497EDA012}.Release|x86.Build.0 = Release|x86
		{BC00E983-A171-40E4-9ADA-9DB2F2C2694F}.Ad-Hoc|Any CPU.ActiveCfg = Release|x86
		{BC00E983-A171-40E4-9ADA-9DB2F2C2694F}.Ad-Hoc|Any CPU.Build.0 = Release|x86
		{BC00E983-A171-40E4-9ADA-9DB2F2C2694F}.Ad-Hoc|ARM.ActiveCfg = Release|ARM
		{BC00E983-A171-40E4-9ADA-9DB2F2C2694F}.Ad-Hoc|ARM.Build.0 = Release|ARM
		{BC00E983-A171-40E4-9ADA-9DB2F2C2694F}.Ad-Hoc|ARM64.ActiveCfg = Release|ARM64
		{BC00E983-A171-40E4-9ADA-9DB2F2C2694F}.Ad-Hoc|ARM64.Build.0 = Release|ARM64
		{BC00E983-A171-40E4-9ADA-9DB2F2C2694F}.Ad-Hoc|iPhone.ActiveCfg = Release|x86
		{BC00E983-A171-40E4-9ADA-9DB2F2C2694F}.Ad-Hoc|iPhone.Build.0 = Release|x86
		{BC00E983-A171-40E4-9ADA-9DB2F2C2694F}.Ad-Hoc|iPhoneSimulator.ActiveCfg = Release|x86
		{BC00E983-A171-40E4-9ADA-9DB2F2C2694F}.Ad-Hoc|iPhoneSimulator.Build.0 = Release|x86
		{BC00E983-A171-40E4-9ADA-9DB2F2C2694F}.Ad-Hoc|x64.ActiveCfg = Release|x64
		{BC00E983-A171-40E4-9ADA-9DB2F2C2694F}.Ad-Hoc|x64.Build.0 = Release|x64
		{BC00E983-A171-40E4-9ADA-9DB2F2C2694F}.Ad-Hoc|x86.ActiveCfg = Release|x86
		{BC00E983-A171-40E4-9ADA-9DB2F2C2694F}.Ad-Hoc|x86.Build.0 = Release|x86
		{BC00E983-A171-40E4-9ADA-9DB2F2C2694F}.AppStore|Any CPU.ActiveCfg = Release|x86
		{BC00E983-A171-40E4-9ADA-9DB2F2C2694F}.AppStore|Any CPU.Build.0 = Release|x86
		{BC00E983-A171-40E4-9ADA-9DB2F2C2694F}.AppStore|ARM.ActiveCfg = Release|ARM
		{BC00E983-A171-40E4-9ADA-9DB2F2C2694F}.AppStore|ARM.Build.0 = Release|ARM
		{BC00E983-A171-40E4-9ADA-9DB2F2C2694F}.AppStore|ARM64.ActiveCfg = Release|ARM64
		{BC00E983-A171-40E4-9ADA-9DB2F2C2694F}.AppStore|ARM64.Build.0 = Release|ARM64
		{BC00E983-A171-40E4-9ADA-9DB2F2C2694F}.AppStore|iPhone.ActiveCfg = Release|x86
		{BC00E983-A171-40E4-9ADA-9DB2F2C2694F}.AppStore|iPhone.Build.0 = Release|x86
		{BC00E983-A171-40E4-9ADA-9DB2F2C2694F}.AppStore|iPhoneSimulator.ActiveCfg = Release|x86
		{BC00E983-A171-40E4-9ADA-9DB2F2C2694F}.AppStore|iPhoneSimulator.Build.0 = Release|x86
		{BC00E983-A171-40E4-9ADA-9DB2F2C2694F}.AppStore|x64.ActiveCfg = Release|x64
		{BC00E983-A171-40E4-9ADA-9DB2F2C2694F}.AppStore|x64.Build.0 = Release|x64
		{BC00E983-A171-40E4-9ADA-9DB2F2C2694F}.AppStore|x86.ActiveCfg = Release|x86
		{BC00E983-A171-40E4-9ADA-9DB2F2C2694F}.AppStore|x86.Build.0 = Release|x86
		{BC00E983-A171-40E4-9ADA-9DB2F2C2694F}.Debug|Any CPU.ActiveCfg = Debug|x86
		{BC00E983-A171-40E4-9ADA-9DB2F2C2694F}.Debug|ARM.ActiveCfg = Debug|ARM
		{BC00E983-A171-40E4-9ADA-9DB2F2C2694F}.Debug|ARM.Build.0 = Debug|ARM
		{BC00E983-A171-40E4-9ADA-9DB2F2C2694F}.Debug|ARM64.ActiveCfg = Debug|ARM64
		{BC00E983-A171-40E4-9ADA-9DB2F2C2694F}.Debug|ARM64.Build.0 = Debug|ARM64
		{BC00E983-A171-40E4-9ADA-9DB2F2C2694F}.Debug|iPhone.ActiveCfg = Debug|x86
		{BC00E983-A171-40E4-9ADA-9DB2F2C2694F}.Debug|iPhoneSimulator.ActiveCfg = Debug|x86
		{BC00E983-A171-40E4-9ADA-9DB2F2C2694F}.Debug|x64.ActiveCfg = Debug|x64
		{BC00E983-A171-40E4-9ADA-9DB2F2C2694F}.Debug|x64.Build.0 = Debug|x64
		{BC00E983-A171-40E4-9ADA-9DB2F2C2694F}.Debug|x86.ActiveCfg = Debug|x86
		{BC00E983-A171-40E4-9ADA-9DB2F2C2694F}.Debug|x86.Build.0 = Debug|x86
		{BC00E983-A171-40E4-9ADA-9DB2F2C2694F}.Release|Any CPU.ActiveCfg = Release|x86
		{BC00E983-A171-40E4-9ADA-9DB2F2C2694F}.Release|ARM.ActiveCfg = Release|ARM
		{BC00E983-A171-40E4-9ADA-9DB2F2C2694F}.Release|ARM.Build.0 = Release|ARM
		{BC00E983-A171-40E4-9ADA-9DB2F2C2694F}.Release|ARM64.ActiveCfg = Release|ARM64
		{BC00E983-A171-40E4-9ADA-9DB2F2C2694F}.Release|ARM64.Build.0 = Release|ARM64
		{BC00E983-A171-40E4-9ADA-9DB2F2C2694F}.Release|iPhone.ActiveCfg = Release|x86
		{BC00E983-A171-40E4-9ADA-9DB2F2C2694F}.Release|iPhoneSimulator.ActiveCfg = Release|x86
		{BC00E983-A171-40E4-9ADA-9DB2F2C2694F}.Release|x64.ActiveCfg = Release|x64
		{BC00E983-A171-40E4-9ADA-9DB2F2C2694F}.Release|x64.Build.0 = Release|x64
		{BC00E983-A171-40E4-9ADA-9DB2F2C2694F}.Release|x86.ActiveCfg = Release|x86
		{BC00E983-A171-40E4-9ADA-9DB2F2C2694F}.Release|x86.Build.0 = Release|x86
	EndGlobalSection
	GlobalSection(SolutionProperties) = preSolution
		HideSolutionNode = FALSE
	EndGlobalSection
	GlobalSection(ExtensibilityGlobals) = postSolution
		SolutionGuid = {ED1496B0-515A-45FB-9E6B-67DE943FEE8A}
	EndGlobalSection
EndGlobal
